github.com/theodoruia/myqoute v0.0.0-20220125195310-8db66bc2dc7a h1:VmV68YIOQ2/N5cNR5zs/Gyy5mSyQv2z7uDIf033WGpM=
github.com/theodoruia/myqoute v0.0.0-20220125195310-8db66bc2dc7a/go.mod h1:lbPYKD7C+85SkxcGkwXKwbTfV7Vh7McvHhSOn6kXUqU=
github.com/theodoruia/rivercrossing/addremove v0.0.0-20220125201454-272b491b9cc6 h1:2u7Gk6+tQCQyboJEuoL2wVgGvW9xxY9Tlp0pxrZtT7I=
github.com/theodoruia/rivercrossing/addremove v0.0.0-20220125201454-272b491b9cc6/go.mod h1:9EhAqMhhQF6a8yuliF1ZogZIiUxldD6K4DOuFgiJFmc=
github.com/theodoruia/rivercrossing/state v0.0.0-20220125201454-272b491b9cc6 h1:AQQg7f3RY8OT6C+PFPNGTFTK63lhiV20eKw2FyOmUSU=
github.com/theodoruia/rivercrossing/state v0.0.0-20220125201454-272b491b9cc6/go.mod h1:HF2p+Y4QmArkKBeHImW6InB4qn8/5x7yA28xEQGJjYo=
golang.org/x/text v0.0.0-20170915032832-14c0d48ead0c h1:qgOY6WgZOaTkIIMiVjBQcw93ERBE4m30iBm00nkL0i8=
golang.org/x/text v0.0.0-20170915032832-14c0d48ead0c/go.mod h1:NqM8EUOU14njkJ3fqMW+pc6Ldnwhi/IjpwHt7yyuwOQ=
rsc.io/quote v1.5.2 h1:w5fcysjrx7yqtD/aO+QwRjYZOKnaM9Uh2b40tElTs3Y=
rsc.io/quote v1.5.2/go.mod h1:LzX7hefJvL54yjefDEDHNONDjII0t9xZLPXsUe+TKr0=
rsc.io/sampler v1.3.0 h1:7uVkIFmeBqHfdjD+gZwtXXI+RODJ2Wc4O7MPEh/QiW4=
rsc.io/sampler v1.3.0/go.mod h1:T1hPZKmBbMNahiBKFy5HrXp6adAjACjK9JXDnKaTXpA=
